
Microsoft Visual Studio Solution File, Format Version 12.00
# Visual Studio Version 17
VisualStudioVersion = 17.10.35004.147
MinimumVisualStudioVersion = 10.0.40219.1
Project("{8BC9CEB8-8B4A-11D0-8D11-00A0C91BC942}") = "M05.1_Programming_Assignment_Part_1", "M05.1_Programming_Assignment_Part_1\M05.1_Programming_Assignment_Part_1.vcxproj", "{A1F0B13A-1AF4-44F3-9DE1-AA6D14A47A1C}"
EndProject
Global
	GlobalSection(SolutionConfigurationPlatforms) = preSolution
		Debug|x64 = Debug|x64
		Debug|x86 = Debug|x86
		Release|x64 = Release|x64
		Release|x86 = Release|x86
	EndGlobalSection
	GlobalSection(ProjectConfigurationPlatforms) = postSolution
		{A1F0B13A-1AF4-44F3-9DE1-AA6D14A47A1C}.Debug|x64.ActiveCfg = Debug|x64
		{A1F0B13A-1AF4-44F3-9DE1-AA6D14A47A1C}.Debug|x64.Build.0 = Debug|x64
		{A1F0B13A-1AF4-44F3-9DE1-AA6D14A47A1C}.Debug|x86.ActiveCfg = Debug|Win32
		{A1F0B13A-1AF4-44F3-9DE1-AA6D14A47A1C}.Debug|x86.Build.0 = Debug|Win32
		{A1F0B13A-1AF4-44F3-9DE1-AA6D14A47A1C}.Release|x64.ActiveCfg = Release|x64
		{A1F0B13A-1AF4-44F3-9DE1-AA6D14A47A1C}.Release|x64.Build.0 = Release|x64
		{A1F0B13A-1AF4-44F3-9DE1-AA6D14A47A1C}.Release|x86.ActiveCfg = Release|Win32
		{A1F0B13A-1AF4-44F3-9DE1-AA6D14A47A1C}.Release|x86.Build.0 = Release|Win32
	EndGlobalSection
	GlobalSection(SolutionProperties) = preSolution
		HideSolutionNode = FALSE
	EndGlobalSection
	GlobalSection(ExtensibilityGlobals) = postSolution
		SolutionGuid = {520E91CC-7147-4312-A206-E507FE1E2DC1}
	EndGlobalSection
EndGlobal
